
Microsoft Visual Studio Solution File, Format Version 12.00
# Visual Studio Version 16
VisualStudioVersion = 16.0.28803.156
MinimumVisualStudioVersion = 10.0.40219.1
Project("{FAE04EC0-301F-11D3-BF4B-00C04F79EFBC}") = "wpf_windsor", "wpf_windsor.csproj", "{807B85B9-FF81-48C8-91A8-0213C7ECE85F}"
EndProject
Global
	GlobalSection(SolutionConfigurationPlatforms) = preSolution
		Debug|Any CPU = Debug|Any CPU
		Release|Any CPU = Release|Any CPU
	EndGlobalSection
	GlobalSection(ProjectConfigurationPlatforms) = postSolution
		{807B85B9-FF81-48C8-91A8-0213C7ECE85F}.Debug|Any CPU.ActiveCfg = Debug|Any CPU
		{807B85B9-FF81-48C8-91A8-0213C7ECE85F}.Debug|Any CPU.Build.0 = Debug|Any CPU
		{807B85B9-FF81-48C8-91A8-0213C7ECE85F}.Release|Any CPU.ActiveCfg = Release|Any CPU
		{807B85B9-FF81-48C8-91A8-0213C7ECE85F}.Release|Any CPU.Build.0 = Release|Any CPU
	EndGlobalSection
	GlobalSection(SolutionProperties) = preSolution
		HideSolutionNode = FALSE
	EndGlobalSection
	GlobalSection(ExtensibilityGlobals) = postSolution
		SolutionGuid = {344842D7-BD51-4857-B2E4-B3CE38F1AB6A}
	EndGlobalSection
EndGlobal
